{
  "meteor": {},
  "dependencies": {
    "basePackages": {
      "bootstrap-3": {},
      "reactive-modal": {},
      "ace-embed": {},
      "jqueryui": {}
    },
    "packages": {
      "bootstrap-3": {
        "git": "https://github.com/mangasocial/meteor-bootstrap-3.git",
        "tag": "v3.2.0-1",
        "commit": "17a63902fc6cf1096c5289d963c66cf28b474727"
      },
      "reactive-modal": {
        "git": "https://github.com/pahans/reactive-modal.git",
        "tag": "v0.1.3",
        "commit": "4ec97d8558136730b6178e3f5e470689da6b36a5"
      },
      "ace-embed": {
        "git": "https://github.com/stuartfenton/meteor-ace-embed.git",
        "tag": "v0.0.4",
        "commit": "027b0e1b0d06111b51a713f04a8b8750fdcbd289"
      },
      "jqueryui": {
        "git": "https://github.com/mizzao/meteor-jqueryui.git",
        "tag": "v1.11.0",
        "commit": "06194edc0bdbb28c34b3a656bf9cb6a32718b44e"
      },
      "build-fetcher": {
        "git": "https://github.com/mizzao/meteor-build-fetcher.git",
        "tag": "v0.2.0",
        "commit": "5202ca83277860d798c6ff2ef1d8fe1bce007d0f"
      }
    }
  }
}
